
Microsoft Visual Studio Solution File, Format Version 12.00
# Visual Studio Version 16
VisualStudioVersion = 16.0.36602.28
MinimumVisualStudioVersion = 10.0.40219.1
Project("{FAE04EC0-301F-11D3-BF4B-00C04F79EFBC}") = "PackageExpressQuote", "PackageExpressQuote\PackageExpressQuote.csproj", "{244475D2-4400-4060-9D61-321DB334A91D}"
EndProject
Global
	GlobalSection(SolutionConfigurationPlatforms) = preSolution
		Debug|Any CPU = Debug|Any CPU
		Release|Any CPU = Release|Any CPU
	EndGlobalSection
	GlobalSection(ProjectConfigurationPlatforms) = postSolution
		{244475D2-4400-4060-9D61-321DB334A91D}.Debug|Any CPU.ActiveCfg = Debug|Any CPU
		{244475D2-4400-4060-9D61-321DB334A91D}.Debug|Any CPU.Build.0 = Debug|Any CPU
		{244475D2-4400-4060-9D61-321DB334A91D}.Release|Any CPU.ActiveCfg = Release|Any CPU
		{244475D2-4400-4060-9D61-321DB334A91D}.Release|Any CPU.Build.0 = Release|Any CPU
	EndGlobalSection
	GlobalSection(SolutionProperties) = preSolution
		HideSolutionNode = FALSE
	EndGlobalSection
	GlobalSection(ExtensibilityGlobals) = postSolution
		SolutionGuid = {BA4CD74F-2272-4773-8B23-3036EF212FB2}
	EndGlobalSection
EndGlobal
